
Microsoft Visual Studio Solution File, Format Version 12.00
# Visual Studio Version 17
VisualStudioVersion = 17.6.33829.357
MinimumVisualStudioVersion = 10.0.40219.1
Project("{FAE04EC0-301F-11D3-BF4B-00C04F79EFBC}") = "Assignment23", "AssignLib\Assignment23.csproj", "{237CE1A6-48F1-4503-82C2-7F0BEBBE189C}"
EndProject
Global
	GlobalSection(SolutionConfigurationPlatforms) = preSolution
		Debug|Any CPU = Debug|Any CPU
		Release|Any CPU = Release|Any CPU
	EndGlobalSection
	GlobalSection(ProjectConfigurationPlatforms) = postSolution
		{237CE1A6-48F1-4503-82C2-7F0BEBBE189C}.Debug|Any CPU.ActiveCfg = Debug|Any CPU
		{237CE1A6-48F1-4503-82C2-7F0BEBBE189C}.Debug|Any CPU.Build.0 = Debug|Any CPU
		{237CE1A6-48F1-4503-82C2-7F0BEBBE189C}.Release|Any CPU.ActiveCfg = Release|Any CPU
		{237CE1A6-48F1-4503-82C2-7F0BEBBE189C}.Release|Any CPU.Build.0 = Release|Any CPU
	EndGlobalSection
	GlobalSection(SolutionProperties) = preSolution
		HideSolutionNode = FALSE
	EndGlobalSection
	GlobalSection(ExtensibilityGlobals) = postSolution
		SolutionGuid = {A195B78E-7329-446C-81BC-228145BD9C55}
	EndGlobalSection
EndGlobal
